
Microsoft Visual Studio Solution File, Format Version 12.00
# Visual Studio Version 16
VisualStudioVersion = 16.0.30413.136
MinimumVisualStudioVersion = 10.0.40219.1
Project("{FAE04EC0-301F-11D3-BF4B-00C04F79EFBC}") = "Dunne_TechAssignment3B", "Dunne_TechAssignment3B.csproj", "{5E80C72E-F1CA-4A16-91FD-C78D44AE8BD6}"
EndProject
Global
	GlobalSection(SolutionConfigurationPlatforms) = preSolution
		Debug|Any CPU = Debug|Any CPU
		Release|Any CPU = Release|Any CPU
	EndGlobalSection
	GlobalSection(ProjectConfigurationPlatforms) = postSolution
		{5E80C72E-F1CA-4A16-91FD-C78D44AE8BD6}.Debug|Any CPU.ActiveCfg = Debug|Any CPU
		{5E80C72E-F1CA-4A16-91FD-C78D44AE8BD6}.Debug|Any CPU.Build.0 = Debug|Any CPU
		{5E80C72E-F1CA-4A16-91FD-C78D44AE8BD6}.Release|Any CPU.ActiveCfg = Release|Any CPU
		{5E80C72E-F1CA-4A16-91FD-C78D44AE8BD6}.Release|Any CPU.Build.0 = Release|Any CPU
	EndGlobalSection
	GlobalSection(SolutionProperties) = preSolution
		HideSolutionNode = FALSE
	EndGlobalSection
	GlobalSection(ExtensibilityGlobals) = postSolution
		SolutionGuid = {E5773F8B-278B-4F40-83A5-66208519C0BB}
	EndGlobalSection
EndGlobal
